# THIS IS AN AUTOGENERATED FILE. DO NOT EDIT THIS FILE DIRECTLY.
# yarn lockfile v1


"@orbis-cascade/primo-explore-custom-actions@^3.1.1":
  version "3.1.1"
  resolved "https://registry.yarnpkg.com/@orbis-cascade/primo-explore-custom-actions/-/primo-explore-custom-actions-3.1.1.tgz#7e3cb38ee1534d4da84c9658f1efeb62d5578f3d"
  integrity sha512-6FwsOXXxVZZSAzcqR+3puqOsIessdcsNB0WlNo5p5rSH6Rt64cfbwo9Tc4x3CwbScTSpUrkbUkpksaeYQV+giA==

jquery@^3.4.1:
  version "3.4.1"
  resolved "https://registry.yarnpkg.com/jquery/-/jquery-3.4.1.tgz#714f1f8d9dde4bdfa55764ba37ef214630d80ef2"
  integrity sha512-36+AdBzCL+y6qjw5Tx7HgzeGCzC81MDDgaUP8ld2zhx58HdqXGoBd+tHdrBMiyjGQs0Hxs/MLZTu/eHNJJuWPw==

"primo-explore-browzine@github:asulibraries/browzine":
  version "0.1.0"
  resolved "https://codeload.github.com/asulibraries/browzine/tar.gz/5e961a0070e0fff8684dd2453a42054d01fbb021"

primo-explore-hathitrust-availability@^2.3.0:
  version "2.3.0"
  resolved "https://registry.yarnpkg.com/primo-explore-hathitrust-availability/-/primo-explore-hathitrust-availability-2.3.0.tgz#f11113c9c9148fea1025618f0d689adca19b5956"
  integrity sha1-8RETyckUj+oQJWGPDWia3KGbWVY=

primo-explore-unpaywall@/Users/ezoller/Sites/primo-explore-bu/packages/unpaywall:
  version "1.1.8"

"primo-explore-unpaywall@file:../../../../primo-explore-bu/packages/unpaywall":
  version "1.1.8"
